Microsoft Visual Studio Solution File, Format Version 12.00
# Visual Studio Version 17
VisualStudioVersion = 17.5.2.0
MinimumVisualStudioVersion = 10.0.40219.1
Project("{FAE04EC0-301F-11D3-BF4B-00C04F79EFBC}") = "Api-LojaTricotllure", "Api-LojaTricotllure.csproj", "{D77339BD-4E1E-70BE-8ABF-A80A7BA3677D}"
EndProject
Global
	GlobalSection(SolutionConfigurationPlatforms) = preSolution
		Debug|Any CPU = Debug|Any CPU
		Release|Any CPU = Release|Any CPU
	EndGlobalSection
	GlobalSection(ProjectConfigurationPlatforms) = postSolution
		{D77339BD-4E1E-70BE-8ABF-A80A7BA3677D}.Debug|Any CPU.ActiveCfg = Debug|Any CPU
		{D77339BD-4E1E-70BE-8ABF-A80A7BA3677D}.Debug|Any CPU.Build.0 = Debug|Any CPU
		{D77339BD-4E1E-70BE-8ABF-A80A7BA3677D}.Release|Any CPU.ActiveCfg = Release|Any CPU
		{D77339BD-4E1E-70BE-8ABF-A80A7BA3677D}.Release|Any CPU.Build.0 = Release|Any CPU
	EndGlobalSection
	GlobalSection(SolutionProperties) = preSolution
		HideSolutionNode = FALSE
	EndGlobalSection
	GlobalSection(ExtensibilityGlobals) = postSolution
		SolutionGuid = {AA36852F-49EB-4C70-BEB8-1E5856B57710}
	EndGlobalSection
EndGlobal
